
Microsoft Visual Studio Solution File, Format Version 12.00
# Visual Studio Version 16
VisualStudioVersion = 16.0.31702.278
MinimumVisualStudioVersion = 10.0.40219.1
Project("{8BC9CEB8-8B4A-11D0-8D11-00A0C91BC942}") = "lab_2_1", "lab_2_1.vcxproj", "{A4A9B337-102F-4AA9-BE7D-E0C834273571}"
EndProject
Project("{8BC9CEB8-8B4A-11D0-8D11-00A0C91BC942}") = "UnitTest1", "UnitTest1\UnitTest1.vcxproj", "{625F7B03-0047-405D-B1EA-02D452C0AD2C}"
EndProject
Global
	GlobalSection(SolutionConfigurationPlatforms) = preSolution
		Debug|x64 = Debug|x64
		Debug|x86 = Debug|x86
		Release|x64 = Release|x64
		Release|x86 = Release|x86
	EndGlobalSection
	GlobalSection(ProjectConfigurationPlatforms) = postSolution
		{A4A9B337-102F-4AA9-BE7D-E0C834273571}.Debug|x64.ActiveCfg = Debug|x64
		{A4A9B337-102F-4AA9-BE7D-E0C834273571}.Debug|x64.Build.0 = Debug|x64
		{A4A9B337-102F-4AA9-BE7D-E0C834273571}.Debug|x86.ActiveCfg = Debug|Win32
		{A4A9B337-102F-4AA9-BE7D-E0C834273571}.Debug|x86.Build.0 = Debug|Win32
		{A4A9B337-102F-4AA9-BE7D-E0C834273571}.Release|x64.ActiveCfg = Release|x64
		{A4A9B337-102F-4AA9-BE7D-E0C834273571}.Release|x64.Build.0 = Release|x64
		{A4A9B337-102F-4AA9-BE7D-E0C834273571}.Release|x86.ActiveCfg = Release|Win32
		{A4A9B337-102F-4AA9-BE7D-E0C834273571}.Release|x86.Build.0 = Release|Win32
		{625F7B03-0047-405D-B1EA-02D452C0AD2C}.Debug|x64.ActiveCfg = Debug|x64
		{625F7B03-0047-405D-B1EA-02D452C0AD2C}.Debug|x64.Build.0 = Debug|x64
		{625F7B03-0047-405D-B1EA-02D452C0AD2C}.Debug|x86.ActiveCfg = Debug|Win32
		{625F7B03-0047-405D-B1EA-02D452C0AD2C}.Debug|x86.Build.0 = Debug|Win32
		{625F7B03-0047-405D-B1EA-02D452C0AD2C}.Release|x64.ActiveCfg = Release|x64
		{625F7B03-0047-405D-B1EA-02D452C0AD2C}.Release|x64.Build.0 = Release|x64
		{625F7B03-0047-405D-B1EA-02D452C0AD2C}.Release|x86.ActiveCfg = Release|Win32
		{625F7B03-0047-405D-B1EA-02D452C0AD2C}.Release|x86.Build.0 = Release|Win32
	EndGlobalSection
	GlobalSection(SolutionProperties) = preSolution
		HideSolutionNode = FALSE
	EndGlobalSection
	GlobalSection(ExtensibilityGlobals) = postSolution
		SolutionGuid = {3010EDF5-ED69-48AB-B0A7-EB623086E385}
	EndGlobalSection
EndGlobal
